
Microsoft Visual Studio Solution File, Format Version 12.00
# Visual Studio Version 17
VisualStudioVersion = 17.9.34407.89
MinimumVisualStudioVersion = 10.0.40219.1
Project("{9A19103F-16F7-4668-BE54-9A1E7A4F7556}") = "Img2Ffu", "Img2Ffu\Img2Ffu.csproj", "{30825144-6ED0-48DF-9584-69F63BB02018}"
EndProject
Project("{FAE04EC0-301F-11D3-BF4B-00C04F79EFBC}") = "Img2Ffu.Library", "Img2Ffu.Library\Img2Ffu.Library.csproj", "{C13C9B10-B47C-4514-A436-81C769C60EFC}"
EndProject
Project("{FAE04EC0-301F-11D3-BF4B-00C04F79EFBC}") = "Img2Ffu.Library.Compression.Windows", "Img2Ffu.Library.Compression.Windows\Img2Ffu.Library.Compression.Windows.csproj", "{2363FEED-6068-4C72-8BCE-603AAC171A2D}"
EndProject
Global
	GlobalSection(SolutionConfigurationPlatforms) = preSolution
		Debug|ARM32 = Debug|ARM32
		Debug|ARM64 = Debug|ARM64
		Debug|x64 = Debug|x64
		Debug|x86 = Debug|x86
		Release|ARM32 = Release|ARM32
		Release|ARM64 = Release|ARM64
		Release|x64 = Release|x64
		Release|x86 = Release|x86
	EndGlobalSection
	GlobalSection(ProjectConfigurationPlatforms) = postSolution
		{30825144-6ED0-48DF-9584-69F63BB02018}.Debug|ARM32.ActiveCfg = Debug|ARM32
		{30825144-6ED0-48DF-9584-69F63BB02018}.Debug|ARM32.Build.0 = Debug|ARM32
		{30825144-6ED0-48DF-9584-69F63BB02018}.Debug|ARM64.ActiveCfg = Debug|ARM64
		{30825144-6ED0-48DF-9584-69F63BB02018}.Debug|ARM64.Build.0 = Debug|ARM64
		{30825144-6ED0-48DF-9584-69F63BB02018}.Debug|x64.ActiveCfg = Debug|x64
		{30825144-6ED0-48DF-9584-69F63BB02018}.Debug|x64.Build.0 = Debug|x64
		{30825144-6ED0-48DF-9584-69F63BB02018}.Debug|x86.ActiveCfg = Debug|x86
		{30825144-6ED0-48DF-9584-69F63BB02018}.Debug|x86.Build.0 = Debug|x86
		{30825144-6ED0-48DF-9584-69F63BB02018}.Release|ARM32.ActiveCfg = Release|ARM32
		{30825144-6ED0-48DF-9584-69F63BB02018}.Release|ARM32.Build.0 = Release|ARM32
		{30825144-6ED0-48DF-9584-69F63BB02018}.Release|ARM64.ActiveCfg = Release|ARM64
		{30825144-6ED0-48DF-9584-69F63BB02018}.Release|ARM64.Build.0 = Release|ARM64
		{30825144-6ED0-48DF-9584-69F63BB02018}.Release|x64.ActiveCfg = Release|x64
		{30825144-6ED0-48DF-9584-69F63BB02018}.Release|x64.Build.0 = Release|x64
		{30825144-6ED0-48DF-9584-69F63BB02018}.Release|x86.ActiveCfg = Release|x86
		{30825144-6ED0-48DF-9584-69F63BB02018}.Release|x86.Build.0 = Release|x86
		{C13C9B10-B47C-4514-A436-81C769C60EFC}.Debug|ARM32.ActiveCfg = Debug|ARM32
		{C13C9B10-B47C-4514-A436-81C769C60EFC}.Debug|ARM32.Build.0 = Debug|ARM32
		{C13C9B10-B47C-4514-A436-81C769C60EFC}.Debug|ARM64.ActiveCfg = Debug|ARM64
		{C13C9B10-B47C-4514-A436-81C769C60EFC}.Debug|ARM64.Build.0 = Debug|ARM64
		{C13C9B10-B47C-4514-A436-81C769C60EFC}.Debug|x64.ActiveCfg = Debug|x64
		{C13C9B10-B47C-4514-A436-81C769C60EFC}.Debug|x64.Build.0 = Debug|x64
		{C13C9B10-B47C-4514-A436-81C769C60EFC}.Debug|x86.ActiveCfg = Debug|x86
		{C13C9B10-B47C-4514-A436-81C769C60EFC}.Debug|x86.Build.0 = Debug|x86
		{C13C9B10-B47C-4514-A436-81C769C60EFC}.Release|ARM32.ActiveCfg = Release|ARM32
		{C13C9B10-B47C-4514-A436-81C769C60EFC}.Release|ARM32.Build.0 = Release|ARM32
		{C13C9B10-B47C-4514-A436-81C769C60EFC}.Release|ARM64.ActiveCfg = Release|ARM64
		{C13C9B10-B47C-4514-A436-81C769C60EFC}.Release|ARM64.Build.0 = Release|ARM64
		{C13C9B10-B47C-4514-A436-81C769C60EFC}.Release|x64.ActiveCfg = Release|x64
		{C13C9B10-B47C-4514-A436-81C769C60EFC}.Release|x64.Build.0 = Release|x64
		{C13C9B10-B47C-4514-A436-81C769C60EFC}.Release|x86.ActiveCfg = Release|x86
		{C13C9B10-B47C-4514-A436-81C769C60EFC}.Release|x86.Build.0 = Release|x86
		{2363FEED-6068-4C72-8BCE-603AAC171A2D}.Debug|ARM32.ActiveCfg = Debug|ARM32
		{2363FEED-6068-4C72-8BCE-603AAC171A2D}.Debug|ARM32.Build.0 = Debug|ARM32
		{2363FEED-6068-4C72-8BCE-603AAC171A2D}.Debug|ARM64.ActiveCfg = Debug|ARM64
		{2363FEED-6068-4C72-8BCE-603AAC171A2D}.Debug|ARM64.Build.0 = Debug|ARM64
		{2363FEED-6068-4C72-8BCE-603AAC171A2D}.Debug|x64.ActiveCfg = Debug|x64
		{2363FEED-6068-4C72-8BCE-603AAC171A2D}.Debug|x64.Build.0 = Debug|x64
		{2363FEED-6068-4C72-8BCE-603AAC171A2D}.Debug|x86.ActiveCfg = Debug|x86
		{2363FEED-6068-4C72-8BCE-603AAC171A2D}.Debug|x86.Build.0 = Debug|x86
		{2363FEED-6068-4C72-8BCE-603AAC171A2D}.Release|ARM32.ActiveCfg = Release|ARM32
		{2363FEED-6068-4C72-8BCE-603AAC171A2D}.Release|ARM32.Build.0 = Release|ARM32
		{2363FEED-6068-4C72-8BCE-603AAC171A2D}.Release|ARM64.ActiveCfg = Release|ARM64
		{2363FEED-6068-4C72-8BCE-603AAC171A2D}.Release|ARM64.Build.0 = Release|ARM64
		{2363FEED-6068-4C72-8BCE-603AAC171A2D}.Release|x64.ActiveCfg = Release|x64
		{2363FEED-6068-4C72-8BCE-603AAC171A2D}.Release|x64.Build.0 = Release|x64
		{2363FEED-6068-4C72-8BCE-603AAC171A2D}.Release|x86.ActiveCfg = Release|x86
		{2363FEED-6068-4C72-8BCE-603AAC171A2D}.Release|x86.Build.0 = Release|x86
	EndGlobalSection
	GlobalSection(SolutionProperties) = preSolution
		HideSolutionNode = FALSE
	EndGlobalSection
	GlobalSection(ExtensibilityGlobals) = postSolution
		SolutionGuid = {08104559-56B4-4928-A02B-82E017803A4B}
	EndGlobalSection
EndGlobal
